
Microsoft Visual Studio Solution File, Format Version 12.00
# Visual Studio Version 16
VisualStudioVersion = 16.0.30413.136
MinimumVisualStudioVersion = 10.0.40219.1
Project("{9A19103F-16F7-4668-BE54-9A1E7A4F7556}") = "JDBC.NET.Data", "JDBC.NET.Data\JDBC.NET.Data.csproj", "{AFF8F261-D322-4388-A645-F7743ED5A6BE}"
EndProject
Project("{9A19103F-16F7-4668-BE54-9A1E7A4F7556}") = "JDBC.NET.Sample", "JDBC.NET.Sample\JDBC.NET.Sample.csproj", "{CA0567B4-2D0F-425D-8220-6294E6F65F39}"
EndProject
Global
	GlobalSection(SolutionConfigurationPlatforms) = preSolution
		Debug|Any CPU = Debug|Any CPU
		Release|Any CPU = Release|Any CPU
	EndGlobalSection
	GlobalSection(ProjectConfigurationPlatforms) = postSolution
		{AFF8F261-D322-4388-A645-F7743ED5A6BE}.Debug|Any CPU.ActiveCfg = Debug|Any CPU
		{AFF8F261-D322-4388-A645-F7743ED5A6BE}.Debug|Any CPU.Build.0 = Debug|Any CPU
		{AFF8F261-D322-4388-A645-F7743ED5A6BE}.Release|Any CPU.ActiveCfg = Release|Any CPU
		{AFF8F261-D322-4388-A645-F7743ED5A6BE}.Release|Any CPU.Build.0 = Release|Any CPU
		{CA0567B4-2D0F-425D-8220-6294E6F65F39}.Debug|Any CPU.ActiveCfg = Debug|Any CPU
		{CA0567B4-2D0F-425D-8220-6294E6F65F39}.Debug|Any CPU.Build.0 = Debug|Any CPU
		{CA0567B4-2D0F-425D-8220-6294E6F65F39}.Release|Any CPU.ActiveCfg = Release|Any CPU
		{CA0567B4-2D0F-425D-8220-6294E6F65F39}.Release|Any CPU.Build.0 = Release|Any CPU
	EndGlobalSection
	GlobalSection(SolutionProperties) = preSolution
		HideSolutionNode = FALSE
	EndGlobalSection
	GlobalSection(ExtensibilityGlobals) = postSolution
		SolutionGuid = {CF86CD0F-2099-4A56-8BDE-611B77B00F55}
	EndGlobalSection
EndGlobal
